
Microsoft Visual Studio Solution File, Format Version 12.00
# Visual Studio Version 16
VisualStudioVersion = 16.0.30804.86
MinimumVisualStudioVersion = 10.0.40219.1
Project("{FAE04EC0-301F-11D3-BF4B-00C04F79EFBC}") = "H_F_M_APP", "H_F_M_APP\H_F_M_APP.csproj", "{F5F86956-BBB0-4F70-9156-0F128F0CC532}"
EndProject
Global
	GlobalSection(SolutionConfigurationPlatforms) = preSolution
		Debug|Any CPU = Debug|Any CPU
		Release|Any CPU = Release|Any CPU
	EndGlobalSection
	GlobalSection(ProjectConfigurationPlatforms) = postSolution
		{F5F86956-BBB0-4F70-9156-0F128F0CC532}.Debug|Any CPU.ActiveCfg = Debug|Any CPU
		{F5F86956-BBB0-4F70-9156-0F128F0CC532}.Debug|Any CPU.Build.0 = Debug|Any CPU
		{F5F86956-BBB0-4F70-9156-0F128F0CC532}.Release|Any CPU.ActiveCfg = Release|Any CPU
		{F5F86956-BBB0-4F70-9156-0F128F0CC532}.Release|Any CPU.Build.0 = Release|Any CPU
	EndGlobalSection
	GlobalSection(SolutionProperties) = preSolution
		HideSolutionNode = FALSE
	EndGlobalSection
	GlobalSection(ExtensibilityGlobals) = postSolution
		SolutionGuid = {83230420-EC12-4FB9-BF27-08B48FDDFA1D}
	EndGlobalSection
EndGlobal
